
Microsoft Visual Studio Solution File, Format Version 12.00
# Visual Studio Version 16
VisualStudioVersion = 16.0.31025.194
MinimumVisualStudioVersion = 10.0.40219.1
Project("{9A19103F-16F7-4668-BE54-9A1E7A4F7556}") = "WalletApp", "WalletApp\WalletApp.csproj", "{C1D1D982-43BC-479F-A654-0324B0D4768B}"
EndProject
Project("{FAE04EC0-301F-11D3-BF4B-00C04F79EFBC}") = "CommonTests", "Tests\CurrencyTest\CommonTests.csproj", "{0978608F-3DC3-4100-8A90-29E4D376E3E2}"
EndProject
Project("{FAE04EC0-301F-11D3-BF4B-00C04F79EFBC}") = "BusinessLogicTests", "Tests\BusinessLogicTests\BusinessLogicTests.csproj", "{A5E20DF0-CE00-48B2-935A-F64A6432B35D}"
EndProject
Global
	GlobalSection(SolutionConfigurationPlatforms) = preSolution
		Debug|Any CPU = Debug|Any CPU
		Release|Any CPU = Release|Any CPU
	EndGlobalSection
	GlobalSection(ProjectConfigurationPlatforms) = postSolution
		{C1D1D982-43BC-479F-A654-0324B0D4768B}.Debug|Any CPU.ActiveCfg = Debug|Any CPU
		{C1D1D982-43BC-479F-A654-0324B0D4768B}.Debug|Any CPU.Build.0 = Debug|Any CPU
		{C1D1D982-43BC-479F-A654-0324B0D4768B}.Release|Any CPU.ActiveCfg = Release|Any CPU
		{C1D1D982-43BC-479F-A654-0324B0D4768B}.Release|Any CPU.Build.0 = Release|Any CPU
		{0978608F-3DC3-4100-8A90-29E4D376E3E2}.Debug|Any CPU.ActiveCfg = Debug|Any CPU
		{0978608F-3DC3-4100-8A90-29E4D376E3E2}.Debug|Any CPU.Build.0 = Debug|Any CPU
		{0978608F-3DC3-4100-8A90-29E4D376E3E2}.Release|Any CPU.ActiveCfg = Release|Any CPU
		{0978608F-3DC3-4100-8A90-29E4D376E3E2}.Release|Any CPU.Build.0 = Release|Any CPU
		{A5E20DF0-CE00-48B2-935A-F64A6432B35D}.Debug|Any CPU.ActiveCfg = Debug|Any CPU
		{A5E20DF0-CE00-48B2-935A-F64A6432B35D}.Debug|Any CPU.Build.0 = Debug|Any CPU
		{A5E20DF0-CE00-48B2-935A-F64A6432B35D}.Release|Any CPU.ActiveCfg = Release|Any CPU
		{A5E20DF0-CE00-48B2-935A-F64A6432B35D}.Release|Any CPU.Build.0 = Release|Any CPU
	EndGlobalSection
	GlobalSection(SolutionProperties) = preSolution
		HideSolutionNode = FALSE
	EndGlobalSection
	GlobalSection(ExtensibilityGlobals) = postSolution
		SolutionGuid = {C813FE97-E305-4939-B0CC-26048E56B236}
	EndGlobalSection
EndGlobal
