
Microsoft Visual Studio Solution File, Format Version 12.00
# Visual Studio Version 16
VisualStudioVersion = 16.0.31025.194
MinimumVisualStudioVersion = 10.0.40219.1
Project("{9A19103F-16F7-4668-BE54-9A1E7A4F7556}") = "WalletApp", "WalletApp\WalletApp.csproj", "{C1D1D982-43BC-479F-A654-0324B0D4768B}"
EndProject
Project("{9A19103F-16F7-4668-BE54-9A1E7A4F7556}") = "CommonTests", "Tests\CurrencyTest\CommonTests.csproj", "{0978608F-3DC3-4100-8A90-29E4D376E3E2}"
EndProject
Project("{9A19103F-16F7-4668-BE54-9A1E7A4F7556}") = "BusinessLogicTests", "Tests\BusinessLogicTests\BusinessLogicTests.csproj", "{A5E20DF0-CE00-48B2-935A-F64A6432B35D}"
EndProject
Project("{9A19103F-16F7-4668-BE54-9A1E7A4F7556}") = "WalletAppWPF", "WalletAppWPF\WalletAppWPF.csproj", "{890327DE-0FF3-4639-B080-CAC4CBE43249}"
EndProject
Project("{9A19103F-16F7-4668-BE54-9A1E7A4F7556}") = "DataStorage", "DataStorage\DataStorage.csproj", "{4A637F6C-7C16-4B18-9839-9D59DBB673C5}"
EndProject
Project("{9A19103F-16F7-4668-BE54-9A1E7A4F7556}") = "Models", "Models\Models.csproj", "{39313ACD-BB30-446A-A9E0-91EE8BFCE0DE}"
EndProject
Project("{9A19103F-16F7-4668-BE54-9A1E7A4F7556}") = "Services", "Services\Services.csproj", "{FB691192-2338-4C44-810A-D060C3727DFE}"
EndProject
Global
	GlobalSection(SolutionConfigurationPlatforms) = preSolution
		Debug|Any CPU = Debug|Any CPU
		Release|Any CPU = Release|Any CPU
	EndGlobalSection
	GlobalSection(ProjectConfigurationPlatforms) = postSolution
		{C1D1D982-43BC-479F-A654-0324B0D4768B}.Debug|Any CPU.ActiveCfg = Debug|Any CPU
		{C1D1D982-43BC-479F-A654-0324B0D4768B}.Debug|Any CPU.Build.0 = Debug|Any CPU
		{C1D1D982-43BC-479F-A654-0324B0D4768B}.Release|Any CPU.ActiveCfg = Release|Any CPU
		{C1D1D982-43BC-479F-A654-0324B0D4768B}.Release|Any CPU.Build.0 = Release|Any CPU
		{0978608F-3DC3-4100-8A90-29E4D376E3E2}.Debug|Any CPU.ActiveCfg = Debug|Any CPU
		{0978608F-3DC3-4100-8A90-29E4D376E3E2}.Debug|Any CPU.Build.0 = Debug|Any CPU
		{0978608F-3DC3-4100-8A90-29E4D376E3E2}.Release|Any CPU.ActiveCfg = Release|Any CPU
		{0978608F-3DC3-4100-8A90-29E4D376E3E2}.Release|Any CPU.Build.0 = Release|Any CPU
		{A5E20DF0-CE00-48B2-935A-F64A6432B35D}.Debug|Any CPU.ActiveCfg = Debug|Any CPU
		{A5E20DF0-CE00-48B2-935A-F64A6432B35D}.Debug|Any CPU.Build.0 = Debug|Any CPU
		{A5E20DF0-CE00-48B2-935A-F64A6432B35D}.Release|Any CPU.ActiveCfg = Release|Any CPU
		{A5E20DF0-CE00-48B2-935A-F64A6432B35D}.Release|Any CPU.Build.0 = Release|Any CPU
		{890327DE-0FF3-4639-B080-CAC4CBE43249}.Debug|Any CPU.ActiveCfg = Debug|Any CPU
		{890327DE-0FF3-4639-B080-CAC4CBE43249}.Debug|Any CPU.Build.0 = Debug|Any CPU
		{890327DE-0FF3-4639-B080-CAC4CBE43249}.Release|Any CPU.ActiveCfg = Release|Any CPU
		{890327DE-0FF3-4639-B080-CAC4CBE43249}.Release|Any CPU.Build.0 = Release|Any CPU
		{4A637F6C-7C16-4B18-9839-9D59DBB673C5}.Debug|Any CPU.ActiveCfg = Debug|Any CPU
		{4A637F6C-7C16-4B18-9839-9D59DBB673C5}.Debug|Any CPU.Build.0 = Debug|Any CPU
		{4A637F6C-7C16-4B18-9839-9D59DBB673C5}.Release|Any CPU.ActiveCfg = Release|Any CPU
		{4A637F6C-7C16-4B18-9839-9D59DBB673C5}.Release|Any CPU.Build.0 = Release|Any CPU
		{39313ACD-BB30-446A-A9E0-91EE8BFCE0DE}.Debug|Any CPU.ActiveCfg = Debug|Any CPU
		{39313ACD-BB30-446A-A9E0-91EE8BFCE0DE}.Debug|Any CPU.Build.0 = Debug|Any CPU
		{39313ACD-BB30-446A-A9E0-91EE8BFCE0DE}.Release|Any CPU.ActiveCfg = Release|Any CPU
		{39313ACD-BB30-446A-A9E0-91EE8BFCE0DE}.Release|Any CPU.Build.0 = Release|Any CPU
		{FB691192-2338-4C44-810A-D060C3727DFE}.Debug|Any CPU.ActiveCfg = Debug|Any CPU
		{FB691192-2338-4C44-810A-D060C3727DFE}.Debug|Any CPU.Build.0 = Debug|Any CPU
		{FB691192-2338-4C44-810A-D060C3727DFE}.Release|Any CPU.ActiveCfg = Release|Any CPU
		{FB691192-2338-4C44-810A-D060C3727DFE}.Release|Any CPU.Build.0 = Release|Any CPU
	EndGlobalSection
	GlobalSection(SolutionProperties) = preSolution
		HideSolutionNode = FALSE
	EndGlobalSection
	GlobalSection(ExtensibilityGlobals) = postSolution
		SolutionGuid = {C813FE97-E305-4939-B0CC-26048E56B236}
	EndGlobalSection
EndGlobal
